// !$*UTF8*$!
{
	archiveVersion = 1;
	classes = {
	};
	objectVersion = 46;
	objects = {

/* Begin PBXBuildFile section */
		286C42B11E6CF8CB00C8C656 /* JJSwiftService.framework in Frameworks */ = {isa = PBXBuildFile; fileRef = 286C42A71E6CF8CB00C8C656 /* JJSwiftService.framework */; };
		286C42B61E6CF8CB00C8C656 /* JJSwiftServiceTests.swift in Sources */ = {isa = PBXBuildFile; fileRef = 286C42B51E6CF8CB00C8C656 /* JJSwiftServiceTests.swift */; };
		286C42B81E6CF8CB00C8C656 /* JJSwiftService.h in Headers */ = {isa = PBXBuildFile; fileRef = 286C42AA1E6CF8CB00C8C656 /* JJSwiftService.h */; settings = {ATTRIBUTES = (Public, ); }; };
		286C42C21E6CFA8E00C8C656 /* JJSService.swift in Sources */ = {isa = PBXBuildFile; fileRef = 286C42C11E6CFA8E00C8C656 /* JJSService.swift */; };
		286C42C61E6CFBF200C8C656 /* JJSWeatherModel.swift in Sources */ = {isa = PBXBuildFile; fileRef = 286C42C31E6CFBF200C8C656 /* JJSWeatherModel.swift */; };
		286C42C71E6CFBF200C8C656 /* JJSWeatherNetwork.swift in Sources */ = {isa = PBXBuildFile; fileRef = 286C42C41E6CFBF200C8C656 /* JJSWeatherNetwork.swift */; };
		286C42C81E6CFBF200C8C656 /* JJSWeatherService.swift in Sources */ = {isa = PBXBuildFile; fileRef = 286C42C51E6CFBF200C8C656 /* JJSWeatherService.swift */; };
		28FE6D8BCF0539DCBCEE75D7 /* Pods_JJSwiftService.framework in Frameworks */ = {isa = PBXBuildFile; fileRef = E0F2AF61A01BD7BE54A99B3D /* Pods_JJSwiftService.framework */; };
		6F8EA94C22128055085D065E /* Pods_JJSwiftServiceTests.framework in Frameworks */ = {isa = PBXBuildFile; fileRef = DB0D83708807800A105DC2DB /* Pods_JJSwiftServiceTests.framework */; };
/* End PBXBuildFile section */

/* Begin PBXContainerItemProxy section */
		286C42B21E6CF8CB00C8C656 /* PBXContainerItemProxy */ = {
			isa = PBXContainerItemProxy;
			containerPortal = 286C429E1E6CF8CB00C8C656 /* Project object */;
			proxyType = 1;
			remoteGlobalIDString = 286C42A61E6CF8CB00C8C656;
			remoteInfo = JJSwiftService;
		};
/* End PBXContainerItemProxy section */

/* Begin PBXFileReference section */
		1F3143536ED9F5D67A87347D /* Pods-JJSwiftService.debug.xcconfig */ = {isa = PBXFileReference; includeInIndex = 1; lastKnownFileType = text.xcconfig; name = "Pods-JJSwiftService.debug.xcconfig"; path = "Pods/Target Support Files/Pods-JJSwiftService/Pods-JJSwiftService.debug.xcconfig"; sourceTree = "<group>"; };
		286C42A71E6CF8CB00C8C656 /* JJSwiftService.framework */ = {isa = PBXFileReference; explicitFileType = wrapper.framework; includeInIndex = 0; path = JJSwiftService.framework; sourceTree = BUILT_PRODUCTS_DIR; };
		286C42AA1E6CF8CB00C8C656 /* JJSwiftService.h */ = {isa = PBXFileReference; lastKnownFileType = sourcecode.c.h; path = JJSwiftService.h; sourceTree = "<group>"; };
		286C42AB1E6CF8CB00C8C656 /* Info.plist */ = {isa = PBXFileReference; lastKnownFileType = text.plist.xml; path = Info.plist; sourceTree = "<group>"; };
		286C42B01E6CF8CB00C8C656 /* JJSwiftServiceTests.xctest */ = {isa = PBXFileReference; explicitFileType = wrapper.cfbundle; includeInIndex = 0; path = JJSwiftServiceTests.xctest; sourceTree = BUILT_PRODUCTS_DIR; };
		286C42B51E6CF8CB00C8C656 /* JJSwiftServiceTests.swift */ = {isa = PBXFileReference; lastKnownFileType = sourcecode.swift; path = JJSwiftServiceTests.swift; sourceTree = "<group>"; };
		286C42B71E6CF8CB00C8C656 /* Info.plist */ = {isa = PBXFileReference; lastKnownFileType = text.plist.xml; path = Info.plist; sourceTree = "<group>"; };
		286C42C11E6CFA8E00C8C656 /* JJSService.swift */ = {isa = PBXFileReference; fileEncoding = 4; lastKnownFileType = sourcecode.swift; path = JJSService.swift; sourceTree = "<group>"; };
		286C42C31E6CFBF200C8C656 /* JJSWeatherModel.swift */ = {isa = PBXFileReference; fileEncoding = 4; lastKnownFileType = sourcecode.swift; path = JJSWeatherModel.swift; sourceTree = "<group>"; };
		286C42C41E6CFBF200C8C656 /* JJSWeatherNetwork.swift */ = {isa = PBXFileReference; fileEncoding = 4; lastKnownFileType = sourcecode.swift; path = JJSWeatherNetwork.swift; sourceTree = "<group>"; };
		286C42C51E6CFBF200C8C656 /* JJSWeatherService.swift */ = {isa = PBXFileReference; fileEncoding = 4; lastKnownFileType = sourcecode.swift; path = JJSWeatherService.swift; sourceTree = "<group>"; };
		7B6F67CEB5C3CF32E88D40D2 /* Pods-JJSwiftServiceTests.release.xcconfig */ = {isa = PBXFileReference; includeInIndex = 1; lastKnownFileType = text.xcconfig; name = "Pods-JJSwiftServiceTests.release.xcconfig"; path = "Pods/Target Support Files/Pods-JJSwiftServiceTests/Pods-JJSwiftServiceTests.release.xcconfig"; sourceTree = "<group>"; };
		A2B976B5646FF7DFADDEEC1E /* Pods-JJSwiftService.release.xcconfig */ = {isa = PBXFileReference; includeInIndex = 1; lastKnownFileType = text.xcconfig; name = "Pods-JJSwiftService.release.xcconfig"; path = "Pods/Target Support Files/Pods-JJSwiftService/Pods-JJSwiftService.release.xcconfig"; sourceTree = "<group>"; };
		BBDA1BF4DF4BB113E8903B4E /* Pods-JJSwiftServiceTests.debug.xcconfig */ = {isa = PBXFileReference; includeInIndex = 1; lastKnownFileType = text.xcconfig; name = "Pods-JJSwiftServiceTests.debug.xcconfig"; path = "Pods/Target Support Files/Pods-JJSwiftServiceTests/Pods-JJSwiftServiceTests.debug.xcconfig"; sourceTree = "<group>"; };
		DB0D83708807800A105DC2DB /* Pods_JJSwiftServiceTests.framework */ = {isa = PBXFileReference; explicitFileType = wrapper.framework; includeInIndex = 0; path = Pods_JJSwiftServiceTests.framework; sourceTree = BUILT_PRODUCTS_DIR; };
		E0F2AF61A01BD7BE54A99B3D /* Pods_JJSwiftService.framework */ = {isa = PBXFileReference; explicitFileType = wrapper.framework; includeInIndex = 0; path = Pods_JJSwiftService.framework; sourceTree = BUILT_PRODUCTS_DIR; };
/* End PBXFileReference section */

/* Begin PBXFrameworksBuildPhase section */
		286C42A31E6CF8CB00C8C656 /* Frameworks */ = {
			isa = PBXFrameworksBuildPhase;
			buildActionMask = 2147483647;
			files = (
				28FE6D8BCF0539DCBCEE75D7 /* Pods_JJSwiftService.framework in Frameworks */,
			);
			runOnlyForDeploymentPostprocessing = 0;
		};
		286C42AD1E6CF8CB00C8C656 /* Frameworks */ = {
			isa = PBXFrameworksBuildPhase;
			buildActionMask = 2147483647;
			files = (
				286C42B11E6CF8CB00C8C656 /* JJSwiftService.framework in Frameworks */,
				6F8EA94C22128055085D065E /* Pods_JJSwiftServiceTests.framework in Frameworks */,
			);
			runOnlyForDeploymentPostprocessing = 0;
		};
/* End PBXFrameworksBuildPhase section */

/* Begin PBXGroup section */
		23260939EC7F05D3483CBAE4 /* Pods */ = {
			isa = PBXGroup;
			children = (
				1F3143536ED9F5D67A87347D /* Pods-JJSwiftService.debug.xcconfig */,
				A2B976B5646FF7DFADDEEC1E /* Pods-JJSwiftService.release.xcconfig */,
				BBDA1BF4DF4BB113E8903B4E /* Pods-JJSwiftServiceTests.debug.xcconfig */,
				7B6F67CEB5C3CF32E88D40D2 /* Pods-JJSwiftServiceTests.release.xcconfig */,
			);
			name = Pods;
			sourceTree = "<group>";
		};
		286C429D1E6CF8CB00C8C656 = {
			isa = PBXGroup;
			children = (
				286C42A91E6CF8CB00C8C656 /* JJSwiftService */,
				286C42B41E6CF8CB00C8C656 /* JJSwiftServiceTests */,
				286C42A81E6CF8CB00C8C656 /* Products */,
				23260939EC7F05D3483CBAE4 /* Pods */,
				9F3DCB8CB06BA620817C5910 /* Frameworks */,
			);
			sourceTree = "<group>";
		};
		286C42A81E6CF8CB00C8C656 /* Products */ = {
			isa = PBXGroup;
			children = (
				286C42A71E6CF8CB00C8C656 /* JJSwiftService.framework */,
				286C42B01E6CF8CB00C8C656 /* JJSwiftServiceTests.xctest */,
			);
			name = Products;
			sourceTree = "<group>";
		};
		286C42A91E6CF8CB00C8C656 /* JJSwiftService */ = {
			isa = PBXGroup;
			children = (
				286C42C11E6CFA8E00C8C656 /* JJSService.swift */,
				286C42AA1E6CF8CB00C8C656 /* JJSwiftService.h */,
				286C42AB1E6CF8CB00C8C656 /* Info.plist */,
			);
			path = JJSwiftService;
			sourceTree = "<group>";
		};
		286C42B41E6CF8CB00C8C656 /* JJSwiftServiceTests */ = {
			isa = PBXGroup;
			children = (
				286C42C31E6CFBF200C8C656 /* JJSWeatherModel.swift */,
				286C42C41E6CFBF200C8C656 /* JJSWeatherNetwork.swift */,
				286C42C51E6CFBF200C8C656 /* JJSWeatherService.swift */,
				286C42B51E6CF8CB00C8C656 /* JJSwiftServiceTests.swift */,
				286C42B71E6CF8CB00C8C656 /* Info.plist */,
			);
			path = JJSwiftServiceTests;
			sourceTree = "<group>";
		};
		9F3DCB8CB06BA620817C5910 /* Frameworks */ = {
			isa = PBXGroup;
			children = (
				E0F2AF61A01BD7BE54A99B3D /* Pods_JJSwiftService.framework */,
				DB0D83708807800A105DC2DB /* Pods_JJSwiftServiceTests.framework */,
			);
			name = Frameworks;
			sourceTree = "<group>";
		};
/* End PBXGroup section */

/* Begin PBXHeadersBuildPhase section */
		286C42A41E6CF8CB00C8C656 /* Headers */ = {
			isa = PBXHeadersBuildPhase;
			buildActionMask = 2147483647;
			files = (
				286C42B81E6CF8CB00C8C656 /* JJSwiftService.h in Headers */,
			);
			runOnlyForDeploymentPostprocessing = 0;
		};
/* End PBXHeadersBuildPhase section */

/* Begin PBXNativeTarget section */
		286C42A61E6CF8CB00C8C656 /* JJSwiftService */ = {
			isa = PBXNativeTarget;
			buildConfigurationList = 286C42BB1E6CF8CB00C8C656 /* Build configuration list for PBXNativeTarget "JJSwiftService" */;
			buildPhases = (
				F26317F419E9CF0264202548 /* [CP] Check Pods Manifest.lock */,
				286C42A21E6CF8CB00C8C656 /* Sources */,
				286C42A31E6CF8CB00C8C656 /* Frameworks */,
				286C42A41E6CF8CB00C8C656 /* Headers */,
				286C42A51E6CF8CB00C8C656 /* Resources */,
				F94E8F21667116E21545B878 /* [CP] Copy Pods Resources */,
			);
			buildRules = (
			);
			dependencies = (
			);
			name = JJSwiftService;
			productName = JJSwiftService;
			productReference = 286C42A71E6CF8CB00C8C656 /* JJSwiftService.framework */;
			productType = "com.apple.product-type.framework";
		};
		286C42AF1E6CF8CB00C8C656 /* JJSwiftServiceTests */ = {
			isa = PBXNativeTarget;
			buildConfigurationList = 286C42BE1E6CF8CB00C8C656 /* Build configuration list for PBXNativeTarget "JJSwiftServiceTests" */;
			buildPhases = (
				913887443420E1A77CAC7E79 /* [CP] Check Pods Manifest.lock */,
				286C42AC1E6CF8CB00C8C656 /* Sources */,
				286C42AD1E6CF8CB00C8C656 /* Frameworks */,
				286C42AE1E6CF8CB00C8C656 /* Resources */,
				825C23BE1D456CBE226AD06C /* [CP] Embed Pods Frameworks */,
				E599C0EA220F9D664CB10023 /* [CP] Copy Pods Resources */,
			);
			buildRules = (
			);
			dependencies = (
				286C42B31E6CF8CB00C8C656 /* PBXTargetDependency */,
			);
			name = JJSwiftServiceTests;
			productName = JJSwiftServiceTests;
			productReference = 286C42B01E6CF8CB00C8C656 /* JJSwiftServiceTests.xctest */;
			productType = "com.apple.product-type.bundle.unit-test";
		};
/* End PBXNativeTarget section */

/* Begin PBXProject section */
		286C429E1E6CF8CB00C8C656 /* Project object */ = {
			isa = PBXProject;
			attributes = {
				LastSwiftUpdateCheck = 0820;
				LastUpgradeCheck = 0820;
				ORGANIZATIONNAME = jianjing;
				TargetAttributes = {
					286C42A61E6CF8CB00C8C656 = {
						CreatedOnToolsVersion = 8.2.1;
						LastSwiftMigration = 0820;
						ProvisioningStyle = Automatic;
					};
					286C42AF1E6CF8CB00C8C656 = {
						CreatedOnToolsVersion = 8.2.1;
						ProvisioningStyle = Automatic;
					};
				};
			};
			buildConfigurationList = 286C42A11E6CF8CB00C8C656 /* Build configuration list for PBXProject "JJSwiftService" */;
			compatibilityVersion = "Xcode 3.2";
			developmentRegion = English;
			hasScannedForEncodings = 0;
			knownRegions = (
				en,
			);
			mainGroup = 286C429D1E6CF8CB00C8C656;
			productRefGroup = 286C42A81E6CF8CB00C8C656 /* Products */;
			projectDirPath = "";
			projectRoot = "";
			targets = (
				286C42A61E6CF8CB00C8C656 /* JJSwiftService */,
				286C42AF1E6CF8CB00C8C656 /* JJSwiftServiceTests */,
			);
		};
/* End PBXProject section */

/* Begin PBXResourcesBuildPhase section */
		286C42A51E6CF8CB00C8C656 /* Resources */ = {
			isa = PBXResourcesBuildPhase;
			buildActionMask = 2147483647;
			files = (
			);
			runOnlyForDeploymentPostprocessing = 0;
		};
		286C42AE1E6CF8CB00C8C656 /* Resources */ = {
			isa = PBXResourcesBuildPhase;
			buildActionMask = 2147483647;
			files = (
			);
			runOnlyForDeploymentPostprocessing = 0;
		};
/* End PBXResourcesBuildPhase section */

/* Begin PBXShellScriptBuildPhase section */
		825C23BE1D456CBE226AD06C /* [CP] Embed Pods Frameworks */ = {
			isa = PBXShellScriptBuildPhase;
			buildActionMask = 2147483647;
			files = (
			);
			inputPaths = (
			);
			name = "[CP] Embed Pods Frameworks";
			outputPaths = (
			);
			runOnlyForDeploymentPostprocessing = 0;
			shellPath = /bin/sh;
			shellScript = "\"${SRCROOT}/Pods/Target Support Files/Pods-JJSwiftServiceTests/Pods-JJSwiftServiceTests-frameworks.sh\"\n";
			showEnvVarsInLog = 0;
		};
		913887443420E1A77CAC7E79 /* [CP] Check Pods Manifest.lock */ = {
			isa = PBXShellScriptBuildPhase;
			buildActionMask = 2147483647;
			files = (
			);
			inputPaths = (
			);
			name = "[CP] Check Pods Manifest.lock";
			outputPaths = (
			);
			runOnlyForDeploymentPostprocessing = 0;
			shellPath = /bin/sh;
			shellScript = "diff \"${PODS_ROOT}/../Podfile.lock\" \"${PODS_ROOT}/Manifest.lock\" > /dev/null\nif [ $? != 0 ] ; then\n    # print error to STDERR\n    echo \"error: The sandbox is not in sync with the Podfile.lock. Run 'pod install' or update your CocoaPods installation.\" >&2\n    exit 1\nfi\n";
			showEnvVarsInLog = 0;
		};
		E599C0EA220F9D664CB10023 /* [CP] Copy Pods Resources */ = {
			isa = PBXShellScriptBuildPhase;
			buildActionMask = 2147483647;
			files = (
			);
			inputPaths = (
			);
			name = "[CP] Copy Pods Resources";
			outputPaths = (
			);
			runOnlyForDeploymentPostprocessing = 0;
			shellPath = /bin/sh;
			shellScript = "\"${SRCROOT}/Pods/Target Support Files/Pods-JJSwiftServiceTests/Pods-JJSwiftServiceTests-resources.sh\"\n";
			showEnvVarsInLog = 0;
		};
		F26317F419E9CF0264202548 /* [CP] Check Pods Manifest.lock */ = {
			isa = PBXShellScriptBuildPhase;
			buildActionMask = 2147483647;
			files = (
			);
			inputPaths = (
			);
			name = "[CP] Check Pods Manifest.lock";
			outputPaths = (
			);
			runOnlyForDeploymentPostprocessing = 0;
			shellPath = /bin/sh;
			shellScript = "diff \"${PODS_ROOT}/../Podfile.lock\" \"${PODS_ROOT}/Manifest.lock\" > /dev/null\nif [ $? != 0 ] ; then\n    # print error to STDERR\n    echo \"error: The sandbox is not in sync with the Podfile.lock. Run 'pod install' or update your CocoaPods installation.\" >&2\n    exit 1\nfi\n";
			showEnvVarsInLog = 0;
		};
		F94E8F21667116E21545B878 /* [CP] Copy Pods Resources */ = {
			isa = PBXShellScriptBuildPhase;
			buildActionMask = 2147483647;
			files = (
			);
			inputPaths = (
			);
			name = "[CP] Copy Pods Resources";
			outputPaths = (
			);
			runOnlyForDeploymentPostprocessing = 0;
			shellPath = /bin/sh;
			shellScript = "\"${SRCROOT}/Pods/Target Support Files/Pods-JJSwiftService/Pods-JJSwiftService-resources.sh\"\n";
			showEnvVarsInLog = 0;
		};
/* End PBXShellScriptBuildPhase section */

/* Begin PBXSourcesBuildPhase section */
		286C42A21E6CF8CB00C8C656 /* Sources */ = {
			isa = PBXSourcesBuildPhase;
			buildActionMask = 2147483647;
			files = (
				286C42C21E6CFA8E00C8C656 /* JJSService.swift in Sources */,
			);
			runOnlyForDeploymentPostprocessing = 0;
		};
		286C42AC1E6CF8CB00C8C656 /* Sources */ = {
			isa = PBXSourcesBuildPhase;
			buildActionMask = 2147483647;
			files = (
				286C42C61E6CFBF200C8C656 /* JJSWeatherModel.swift in Sources */,
				286C42C71E6CFBF200C8C656 /* JJSWeatherNetwork.swift in Sources */,
				286C42C81E6CFBF200C8C656 /* JJSWeatherService.swift in Sources */,
				286C42B61E6CF8CB00C8C656 /* JJSwiftServiceTests.swift in Sources */,
			);
			runOnlyForDeploymentPostprocessing = 0;
		};
/* End PBXSourcesBuildPhase section */

/* Begin PBXTargetDependency section */
		286C42B31E6CF8CB00C8C656 /* PBXTargetDependency */ = {
			isa = PBXTargetDependency;
			target = 286C42A61E6CF8CB00C8C656 /* JJSwiftService */;
			targetProxy = 286C42B21E6CF8CB00C8C656 /* PBXContainerItemProxy */;
		};
/* End PBXTargetDependency section */

/* Begin XCBuildConfiguration section */
		286C42B91E6CF8CB00C8C656 /* Debug */ = {
			isa = XCBuildConfiguration;
			buildSettings = {
				ALWAYS_SEARCH_USER_PATHS = NO;
				CLANG_ANALYZER_NONNULL = YES;
				CLANG_CXX_LANGUAGE_STANDARD = "gnu++0x";
				CLANG_CXX_LIBRARY = "libc++";
				CLANG_ENABLE_MODULES = YES;
				CLANG_ENABLE_OBJC_ARC = YES;
				CLANG_WARN_BOOL_CONVERSION = YES;
				CLANG_WARN_CONSTANT_CONVERSION = YES;
				CLANG_WARN_DIRECT_OBJC_ISA_USAGE = YES_ERROR;
				CLANG_WARN_DOCUMENTATION_COMMENTS = YES;
				CLANG_WARN_EMPTY_BODY = YES;
				CLANG_WARN_ENUM_CONVERSION = YES;
				CLANG_WARN_INFINITE_RECURSION = YES;
				CLANG_WARN_INT_CONVERSION = YES;
				CLANG_WARN_OBJC_ROOT_CLASS = YES_ERROR;
				CLANG_WARN_SUSPICIOUS_MOVE = YES;
				CLANG_WARN_UNREACHABLE_CODE = YES;
				CLANG_WARN__DUPLICATE_METHOD_MATCH = YES;
				"CODE_SIGN_IDENTITY[sdk=iphoneos*]" = "iPhone Developer";
				COPY_PHASE_STRIP = NO;
				CURRENT_PROJECT_VERSION = 1;
				DEBUG_INFORMATION_FORMAT = dwarf;
				ENABLE_STRICT_OBJC_MSGSEND = YES;
				ENABLE_TESTABILITY = YES;
				GCC_C_LANGUAGE_STANDARD = gnu99;
				GCC_DYNAMIC_NO_PIC = NO;
				GCC_NO_COMMON_BLOCKS = YES;
				GCC_OPTIMIZATION_LEVEL = 0;
				GCC_PREPROCESSOR_DEFINITIONS = (
					"DEBUG=1",
					"$(inherited)",
				);
				GCC_WARN_64_TO_32_BIT_CONVERSION = YES;
				GCC_WARN_ABOUT_RETURN_TYPE = YES_ERROR;
				GCC_WARN_UNDECLARED_SELECTOR = YES;
				GCC_WARN_UNINITIALIZED_AUTOS = YES_AGGRESSIVE;
				GCC_WARN_UNUSED_FUNCTION = YES;
				GCC_WARN_UNUSED_VARIABLE = YES;
				IPHONEOS_DEPLOYMENT_TARGET = 10.2;
				MTL_ENABLE_DEBUG_INFO = YES;
				ONLY_ACTIVE_ARCH = YES;
				SDKROOT = iphoneos;
				SWIFT_ACTIVE_COMPILATION_CONDITIONS = DEBUG;
				SWIFT_OPTIMIZATION_LEVEL = "-Onone";
				TARGETED_DEVICE_FAMILY = "1,2";
				VERSIONING_SYSTEM = "apple-generic";
				VERSION_INFO_PREFIX = "";
			};
			name = Debug;
		};
		286C42BA1E6CF8CB00C8C656 /* Release */ = {
			isa = XCBuildConfiguration;
			buildSettings = {
				ALWAYS_SEARCH_USER_PATHS = NO;
				CLANG_ANALYZER_NONNULL = YES;
				CLANG_CXX_LANGUAGE_STANDARD = "gnu++0x";
				CLANG_CXX_LIBRARY = "libc++";
				CLANG_ENABLE_MODULES = YES;
				CLANG_ENABLE_OBJC_ARC = YES;
				CLANG_WARN_BOOL_CONVERSION = YES;
				CLANG_WARN_CONSTANT_CONVERSION = YES;
				CLANG_WARN_DIRECT_OBJC_ISA_USAGE = YES_ERROR;
				CLANG_WARN_DOCUMENTATION_COMMENTS = YES;
				CLANG_WARN_EMPTY_BODY = YES;
				CLANG_WARN_ENUM_CONVERSION = YES;
				CLANG_WARN_INFINITE_RECURSION = YES;
				CLANG_WARN_INT_CONVERSION = YES;
				CLANG_WARN_OBJC_ROOT_CLASS = YES_ERROR;
				CLANG_WARN_SUSPICIOUS_MOVE = YES;
				CLANG_WARN_UNREACHABLE_CODE = YES;
				CLANG_WARN__DUPLICATE_METHOD_MATCH = YES;
				"CODE_SIGN_IDENTITY[sdk=iphoneos*]" = "iPhone Developer";
				COPY_PHASE_STRIP = NO;
				CURRENT_PROJECT_VERSION = 1;
				DEBUG_INFORMATION_FORMAT = "dwarf-with-dsym";
				ENABLE_NS_ASSERTIONS = NO;
				ENABLE_STRICT_OBJC_MSGSEND = YES;
				GCC_C_LANGUAGE_STANDARD = gnu99;
				GCC_NO_COMMON_BLOCKS = YES;
				GCC_WARN_64_TO_32_BIT_CONVERSION = YES;
				GCC_WARN_ABOUT_RETURN_TYPE = YES_ERROR;
				GCC_WARN_UNDECLARED_SELECTOR = YES;
				GCC_WARN_UNINITIALIZED_AUTOS = YES_AGGRESSIVE;
				GCC_WARN_UNUSED_FUNCTION = YES;
				GCC_WARN_UNUSED_VARIABLE = YES;
				IPHONEOS_DEPLOYMENT_TARGET = 10.2;
				MTL_ENABLE_DEBUG_INFO = NO;
				SDKROOT = iphoneos;
				SWIFT_OPTIMIZATION_LEVEL = "-Owholemodule";
				TARGETED_DEVICE_FAMILY = "1,2";
				VALIDATE_PRODUCT = YES;
				VERSIONING_SYSTEM = "apple-generic";
				VERSION_INFO_PREFIX = "";
			};
			name = Release;
		};
		286C42BC1E6CF8CB00C8C656 /* Debug */ = {
			isa = XCBuildConfiguration;
			baseConfigurationReference = 1F3143536ED9F5D67A87347D /* Pods-JJSwiftService.debug.xcconfig */;
			buildSettings = {
				CLANG_ENABLE_MODULES = YES;
				CODE_SIGN_IDENTITY = "";
				DEFINES_MODULE = YES;
				DYLIB_COMPATIBILITY_VERSION = 1;
				DYLIB_CURRENT_VERSION = 1;
				DYLIB_INSTALL_NAME_BASE = "@rpath";
				INFOPLIST_FILE = JJSwiftService/Info.plist;
				INSTALL_PATH = "$(LOCAL_LIBRARY_DIR)/Frameworks";
				LD_RUNPATH_SEARCH_PATHS = "$(inherited) @executable_path/Frameworks @loader_path/Frameworks";
				PRODUCT_BUNDLE_IDENTIFIER = com.jianjing.JJSwiftService;
				PRODUCT_NAME = "$(TARGET_NAME)";
				SKIP_INSTALL = YES;
				SWIFT_OPTIMIZATION_LEVEL = "-Onone";
				SWIFT_VERSION = 3.0;
			};
			name = Debug;
		};
		286C42BD1E6CF8CB00C8C656 /* Release */ = {
			isa = XCBuildConfiguration;
			baseConfigurationReference = A2B976B5646FF7DFADDEEC1E /* Pods-JJSwiftService.release.xcconfig */;
			buildSettings = {
				CLANG_ENABLE_MODULES = YES;
				CODE_SIGN_IDENTITY = "";
				DEFINES_MODULE = YES;
				DYLIB_COMPATIBILITY_VERSION = 1;
				DYLIB_CURRENT_VERSION = 1;
				DYLIB_INSTALL_NAME_BASE = "@rpath";
				INFOPLIST_FILE = JJSwiftService/Info.plist;
				INSTALL_PATH = "$(LOCAL_LIBRARY_DIR)/Frameworks";
				LD_RUNPATH_SEARCH_PATHS = "$(inherited) @executable_path/Frameworks @loader_path/Frameworks";
				PRODUCT_BUNDLE_IDENTIFIER = com.jianjing.JJSwiftService;
				PRODUCT_NAME = "$(TARGET_NAME)";
				SKIP_INSTALL = YES;
				SWIFT_VERSION = 3.0;
			};
			name = Release;
		};
		286C42BF1E6CF8CB00C8C656 /* Debug */ = {
			isa = XCBuildConfiguration;
			baseConfigurationReference = BBDA1BF4DF4BB113E8903B4E /* Pods-JJSwiftServiceTests.debug.xcconfig */;
			buildSettings = {
				ALWAYS_EMBED_SWIFT_STANDARD_LIBRARIES = YES;
				INFOPLIST_FILE = JJSwiftServiceTests/Info.plist;
				LD_RUNPATH_SEARCH_PATHS = "$(inherited) @executable_path/Frameworks @loader_path/Frameworks";
				PRODUCT_BUNDLE_IDENTIFIER = com.jianjing.JJSwiftServiceTests;
				PRODUCT_NAME = "$(TARGET_NAME)";
				SWIFT_VERSION = 3.0;
			};
			name = Debug;
		};
		286C42C01E6CF8CB00C8C656 /* Release */ = {
			isa = XCBuildConfiguration;
			baseConfigurationReference = 7B6F67CEB5C3CF32E88D40D2 /* Pods-JJSwiftServiceTests.release.xcconfig */;
			buildSettings = {
				ALWAYS_EMBED_SWIFT_STANDARD_LIBRARIES = YES;
				INFOPLIST_FILE = JJSwiftServiceTests/Info.plist;
				LD_RUNPATH_SEARCH_PATHS = "$(inherited) @executable_path/Frameworks @loader_path/Frameworks";
				PRODUCT_BUNDLE_IDENTIFIER = com.jianjing.JJSwiftServiceTests;
				PRODUCT_NAME = "$(TARGET_NAME)";
				SWIFT_VERSION = 3.0;
			};
			name = Release;
		};
/* End XCBuildConfiguration section */

/* Begin XCConfigurationList section */
		286C42A11E6CF8CB00C8C656 /* Build configuration list for PBXProject "JJSwiftService" */ = {
			isa = XCConfigurationList;
			buildConfigurations = (
				286C42B91E6CF8CB00C8C656 /* Debug */,
				286C42BA1E6CF8CB00C8C656 /* Release */,
			);
			defaultConfigurationIsVisible = 0;
			defaultConfigurationName = Release;
		};
		286C42BB1E6CF8CB00C8C656 /* Build configuration list for PBXNativeTarget "JJSwiftService" */ = {
			isa = XCConfigurationList;
			buildConfigurations = (
				286C42BC1E6CF8CB00C8C656 /* Debug */,
				286C42BD1E6CF8CB00C8C656 /* Release */,
			);
			defaultConfigurationIsVisible = 0;
			defaultConfigurationName = Release;
		};
		286C42BE1E6CF8CB00C8C656 /* Build configuration list for PBXNativeTarget "JJSwiftServiceTests" */ = {
			isa = XCConfigurationList;
			buildConfigurations = (
				286C42BF1E6CF8CB00C8C656 /* Debug */,
				286C42C01E6CF8CB00C8C656 /* Release */,
			);
			defaultConfigurationIsVisible = 0;
			defaultConfigurationName = Release;
		};
/* End XCConfigurationList section */
	};
	rootObject = 286C429E1E6CF8CB00C8C656 /* Project object */;
}
